
Microsoft Visual Studio Solution File, Format Version 12.00
# Visual Studio 2012
Project("{FAE04EC0-301F-11D3-BF4B-00C04F79EFBC}") = "RxUIOnPropertyChangedRepro", "RxUIOnPropertyChangedRepro\RxUIOnPropertyChangedRepro.csproj", "{99E79686-989E-4485-853B-B35A776DEB98}"
EndProject
Project("{2150E333-8FDC-42A3-9474-1A3956D46DE8}") = "Solution Items", "Solution Items", "{59E7EE8E-C679-406C-87C2-BCA42C3521DB}"
	ProjectSection(SolutionItems) = preProject
		Directory.Build.props = Directory.Build.props
	EndProjectSection
EndProject
Global
	GlobalSection(SolutionConfigurationPlatforms) = preSolution
		Debug|iPhoneSimulator = Debug|iPhoneSimulator
		Release|iPhone = Release|iPhone
		Release|iPhoneSimulator = Release|iPhoneSimulator
		Debug|iPhone = Debug|iPhone
	EndGlobalSection
	GlobalSection(ProjectConfigurationPlatforms) = postSolution
		{99E79686-989E-4485-853B-B35A776DEB98}.Debug|iPhoneSimulator.ActiveCfg = Debug|iPhoneSimulator
		{99E79686-989E-4485-853B-B35A776DEB98}.Debug|iPhoneSimulator.Build.0 = Debug|iPhoneSimulator
		{99E79686-989E-4485-853B-B35A776DEB98}.Release|iPhone.ActiveCfg = Release|iPhone
		{99E79686-989E-4485-853B-B35A776DEB98}.Release|iPhone.Build.0 = Release|iPhone
		{99E79686-989E-4485-853B-B35A776DEB98}.Release|iPhoneSimulator.ActiveCfg = Release|iPhoneSimulator
		{99E79686-989E-4485-853B-B35A776DEB98}.Release|iPhoneSimulator.Build.0 = Release|iPhoneSimulator
		{99E79686-989E-4485-853B-B35A776DEB98}.Debug|iPhone.ActiveCfg = Debug|iPhone
		{99E79686-989E-4485-853B-B35A776DEB98}.Debug|iPhone.Build.0 = Debug|iPhone
	EndGlobalSection
EndGlobal
